
Microsoft Visual Studio Solution File, Format Version 12.00
# Visual Studio Version 16
VisualStudioVersion = 16.0.31911.196
MinimumVisualStudioVersion = 10.0.40219.1
Project("{9A19103F-16F7-4668-BE54-9A1E7A4F7556}") = "Sajuca.Innovecs.Application", "Sajuca.Innovecs.Application\Sajuca.Innovecs.Application.csproj", "{004DD37B-C153-4D4C-8F2C-563370BF5FAA}"
EndProject
Project("{9A19103F-16F7-4668-BE54-9A1E7A4F7556}") = "Sajuca.Innovecs.Client", "Sajuca.Innovecs.Client\Sajuca.Innovecs.Client.csproj", "{2A97E634-2660-44B3-A600-BCBF394F4C08}"
EndProject
Project("{9A19103F-16F7-4668-BE54-9A1E7A4F7556}") = "Sajuca.Innovecs.Api.Test", "Sajuca.Innovecs.Api.Test\Sajuca.Innovecs.Api.Test.csproj", "{73DCECAF-EA36-445F-BCE3-AAE6284ADA2C}"
EndProject
Project("{9A19103F-16F7-4668-BE54-9A1E7A4F7556}") = "Sajuca.Innovecs.Api", "Sajuca.Innovecs.Api\Sajuca.Innovecs.Api.csproj", "{B66B7297-8550-476A-ACDE-0BAF80C583E9}"
EndProject
Global
	GlobalSection(SolutionConfigurationPlatforms) = preSolution
		Debug|Any CPU = Debug|Any CPU
		Release|Any CPU = Release|Any CPU
	EndGlobalSection
	GlobalSection(ProjectConfigurationPlatforms) = postSolution
		{004DD37B-C153-4D4C-8F2C-563370BF5FAA}.Debug|Any CPU.ActiveCfg = Debug|Any CPU
		{004DD37B-C153-4D4C-8F2C-563370BF5FAA}.Debug|Any CPU.Build.0 = Debug|Any CPU
		{004DD37B-C153-4D4C-8F2C-563370BF5FAA}.Release|Any CPU.ActiveCfg = Release|Any CPU
		{004DD37B-C153-4D4C-8F2C-563370BF5FAA}.Release|Any CPU.Build.0 = Release|Any CPU
		{2A97E634-2660-44B3-A600-BCBF394F4C08}.Debug|Any CPU.ActiveCfg = Debug|Any CPU
		{2A97E634-2660-44B3-A600-BCBF394F4C08}.Debug|Any CPU.Build.0 = Debug|Any CPU
		{2A97E634-2660-44B3-A600-BCBF394F4C08}.Release|Any CPU.ActiveCfg = Release|Any CPU
		{2A97E634-2660-44B3-A600-BCBF394F4C08}.Release|Any CPU.Build.0 = Release|Any CPU
		{73DCECAF-EA36-445F-BCE3-AAE6284ADA2C}.Debug|Any CPU.ActiveCfg = Debug|Any CPU
		{73DCECAF-EA36-445F-BCE3-AAE6284ADA2C}.Debug|Any CPU.Build.0 = Debug|Any CPU
		{73DCECAF-EA36-445F-BCE3-AAE6284ADA2C}.Release|Any CPU.ActiveCfg = Release|Any CPU
		{73DCECAF-EA36-445F-BCE3-AAE6284ADA2C}.Release|Any CPU.Build.0 = Release|Any CPU
		{B66B7297-8550-476A-ACDE-0BAF80C583E9}.Debug|Any CPU.ActiveCfg = Debug|Any CPU
		{B66B7297-8550-476A-ACDE-0BAF80C583E9}.Debug|Any CPU.Build.0 = Debug|Any CPU
		{B66B7297-8550-476A-ACDE-0BAF80C583E9}.Release|Any CPU.ActiveCfg = Release|Any CPU
		{B66B7297-8550-476A-ACDE-0BAF80C583E9}.Release|Any CPU.Build.0 = Release|Any CPU
	EndGlobalSection
	GlobalSection(SolutionProperties) = preSolution
		HideSolutionNode = FALSE
	EndGlobalSection
	GlobalSection(ExtensibilityGlobals) = postSolution
		SolutionGuid = {03BDDDA3-46D0-41EA-8EEE-960BC1A7FFA5}
	EndGlobalSection
EndGlobal
